
Microsoft Visual Studio Solution File, Format Version 12.00
# Visual Studio 15
VisualStudioVersion = 15.0.26430.15
MinimumVisualStudioVersion = 10.0.40219.1
Project("{FAE04EC0-301F-11D3-BF4B-00C04F79EFBC}") = "01_Odd Occurrences", "01_Odd Occurrences\01_Odd Occurrences.csproj", "{6075628C-8213-42D1-9C75-0110810DB5E6}"
EndProject
Project("{FAE04EC0-301F-11D3-BF4B-00C04F79EFBC}") = "02_Count Real Numbers", "02_Count Real Numbers\02_Count Real Numbers.csproj", "{84A7D2B5-3F92-4D6A-8438-EDBA9F7120D2}"
EndProject
Global
	GlobalSection(SolutionConfigurationPlatforms) = preSolution
		Debug|Any CPU = Debug|Any CPU
		Release|Any CPU = Release|Any CPU
	EndGlobalSection
	GlobalSection(ProjectConfigurationPlatforms) = postSolution
		{6075628C-8213-42D1-9C75-0110810DB5E6}.Debug|Any CPU.ActiveCfg = Debug|Any CPU
		{6075628C-8213-42D1-9C75-0110810DB5E6}.Debug|Any CPU.Build.0 = Debug|Any CPU
		{6075628C-8213-42D1-9C75-0110810DB5E6}.Release|Any CPU.ActiveCfg = Release|Any CPU
		{6075628C-8213-42D1-9C75-0110810DB5E6}.Release|Any CPU.Build.0 = Release|Any CPU
		{84A7D2B5-3F92-4D6A-8438-EDBA9F7120D2}.Debug|Any CPU.ActiveCfg = Debug|Any CPU
		{84A7D2B5-3F92-4D6A-8438-EDBA9F7120D2}.Debug|Any CPU.Build.0 = Debug|Any CPU
		{84A7D2B5-3F92-4D6A-8438-EDBA9F7120D2}.Release|Any CPU.ActiveCfg = Release|Any CPU
		{84A7D2B5-3F92-4D6A-8438-EDBA9F7120D2}.Release|Any CPU.Build.0 = Release|Any CPU
	EndGlobalSection
	GlobalSection(SolutionProperties) = preSolution
		HideSolutionNode = FALSE
	EndGlobalSection
EndGlobal
