
Microsoft Visual Studio Solution File, Format Version 12.00
# Visual Studio 15
VisualStudioVersion = 15.0.26430.14
MinimumVisualStudioVersion = 10.0.40219.1
Project("{FAE04EC0-301F-11D3-BF4B-00C04F79EFBC}") = "08_Debugging_Multiply Evens by Odds", "08_Debugging_Multiply Evens by Odds\08_Debugging_Multiply Evens by Odds.csproj", "{9CE56F57-0DAF-4667-8DA9-EB4A136E90A7}"
EndProject
Project("{FAE04EC0-301F-11D3-BF4B-00C04F79EFBC}") = "06_Math Power", "06_Math Power\06_Math Power.csproj", "{C308FEDB-5244-41C3-AD1B-5577FC111B47}"
EndProject
Project("{FAE04EC0-301F-11D3-BF4B-00C04F79EFBC}") = "05_Calculate Triangle Area", "05_Calculate Triangle Area\05_Calculate Triangle Area.csproj", "{FFD18CF0-3AC0-439A-BABF-25A3B9BD5316}"
EndProject
Project("{FAE04EC0-301F-11D3-BF4B-00C04F79EFBC}") = "04_Draw a Filled Square", "04_Draw a Filled Square\04_Draw a Filled Square.csproj", "{876F896B-4355-4D65-99B0-0D3101ECDB4B}"
EndProject
Project("{FAE04EC0-301F-11D3-BF4B-00C04F79EFBC}") = "03_Printing Triangle", "03_Printing Triangle\03_Printing Triangle.csproj", "{A975B275-B81A-4162-88DE-375582512005}"
EndProject
Project("{FAE04EC0-301F-11D3-BF4B-00C04F79EFBC}") = "02_Sign of Integer Number", "02_Sign of Integer Number\02_Sign of Integer Number.csproj", "{56029F21-44BC-4CF4-963E-E88D75585164}"
EndProject
Project("{FAE04EC0-301F-11D3-BF4B-00C04F79EFBC}") = "07_Greater of Two Values", "07_Greater of Two Values\07_Greater of Two Values.csproj", "{474DBB42-66DB-46EE-B5D3-5DDBD1EA344F}"
EndProject
Project("{FAE04EC0-301F-11D3-BF4B-00C04F79EFBC}") = "01_Blank Receipt", "01_Blank Receipt\01_Blank Receipt.csproj", "{3C25A636-44BC-4891-8EE9-F236EAA09AA1}"
EndProject
Global
	GlobalSection(SolutionConfigurationPlatforms) = preSolution
		Debug|Any CPU = Debug|Any CPU
		Release|Any CPU = Release|Any CPU
	EndGlobalSection
	GlobalSection(ProjectConfigurationPlatforms) = postSolution
		{9CE56F57-0DAF-4667-8DA9-EB4A136E90A7}.Debug|Any CPU.ActiveCfg = Debug|Any CPU
		{9CE56F57-0DAF-4667-8DA9-EB4A136E90A7}.Debug|Any CPU.Build.0 = Debug|Any CPU
		{9CE56F57-0DAF-4667-8DA9-EB4A136E90A7}.Release|Any CPU.ActiveCfg = Release|Any CPU
		{9CE56F57-0DAF-4667-8DA9-EB4A136E90A7}.Release|Any CPU.Build.0 = Release|Any CPU
		{C308FEDB-5244-41C3-AD1B-5577FC111B47}.Debug|Any CPU.ActiveCfg = Debug|Any CPU
		{C308FEDB-5244-41C3-AD1B-5577FC111B47}.Debug|Any CPU.Build.0 = Debug|Any CPU
		{C308FEDB-5244-41C3-AD1B-5577FC111B47}.Release|Any CPU.ActiveCfg = Release|Any CPU
		{C308FEDB-5244-41C3-AD1B-5577FC111B47}.Release|Any CPU.Build.0 = Release|Any CPU
		{FFD18CF0-3AC0-439A-BABF-25A3B9BD5316}.Debug|Any CPU.ActiveCfg = Debug|Any CPU
		{FFD18CF0-3AC0-439A-BABF-25A3B9BD5316}.Debug|Any CPU.Build.0 = Debug|Any CPU
		{FFD18CF0-3AC0-439A-BABF-25A3B9BD5316}.Release|Any CPU.ActiveCfg = Release|Any CPU
		{FFD18CF0-3AC0-439A-BABF-25A3B9BD5316}.Release|Any CPU.Build.0 = Release|Any CPU
		{876F896B-4355-4D65-99B0-0D3101ECDB4B}.Debug|Any CPU.ActiveCfg = Debug|Any CPU
		{876F896B-4355-4D65-99B0-0D3101ECDB4B}.Debug|Any CPU.Build.0 = Debug|Any CPU
		{876F896B-4355-4D65-99B0-0D3101ECDB4B}.Release|Any CPU.ActiveCfg = Release|Any CPU
		{876F896B-4355-4D65-99B0-0D3101ECDB4B}.Release|Any CPU.Build.0 = Release|Any CPU
		{A975B275-B81A-4162-88DE-375582512005}.Debug|Any CPU.ActiveCfg = Debug|Any CPU
		{A975B275-B81A-4162-88DE-375582512005}.Debug|Any CPU.Build.0 = Debug|Any CPU
		{A975B275-B81A-4162-88DE-375582512005}.Release|Any CPU.ActiveCfg = Release|Any CPU
		{A975B275-B81A-4162-88DE-375582512005}.Release|Any CPU.Build.0 = Release|Any CPU
		{56029F21-44BC-4CF4-963E-E88D75585164}.Debug|Any CPU.ActiveCfg = Debug|Any CPU
		{56029F21-44BC-4CF4-963E-E88D75585164}.Debug|Any CPU.Build.0 = Debug|Any CPU
		{56029F21-44BC-4CF4-963E-E88D75585164}.Release|Any CPU.ActiveCfg = Release|Any CPU
		{56029F21-44BC-4CF4-963E-E88D75585164}.Release|Any CPU.Build.0 = Release|Any CPU
		{474DBB42-66DB-46EE-B5D3-5DDBD1EA344F}.Debug|Any CPU.ActiveCfg = Debug|Any CPU
		{474DBB42-66DB-46EE-B5D3-5DDBD1EA344F}.Debug|Any CPU.Build.0 = Debug|Any CPU
		{474DBB42-66DB-46EE-B5D3-5DDBD1EA344F}.Release|Any CPU.ActiveCfg = Release|Any CPU
		{474DBB42-66DB-46EE-B5D3-5DDBD1EA344F}.Release|Any CPU.Build.0 = Release|Any CPU
		{3C25A636-44BC-4891-8EE9-F236EAA09AA1}.Debug|Any CPU.ActiveCfg = Debug|Any CPU
		{3C25A636-44BC-4891-8EE9-F236EAA09AA1}.Debug|Any CPU.Build.0 = Debug|Any CPU
		{3C25A636-44BC-4891-8EE9-F236EAA09AA1}.Release|Any CPU.ActiveCfg = Release|Any CPU
		{3C25A636-44BC-4891-8EE9-F236EAA09AA1}.Release|Any CPU.Build.0 = Release|Any CPU
	EndGlobalSection
	GlobalSection(SolutionProperties) = preSolution
		HideSolutionNode = FALSE
	EndGlobalSection
EndGlobal
